
Microsoft Visual Studio Solution File, Format Version 12.00
# Visual Studio Version 17
VisualStudioVersion = 17.6.33927.249
MinimumVisualStudioVersion = 10.0.40219.1
Project("{FAE04EC0-301F-11D3-BF4B-00C04F79EFBC}") = "KhoaBD.WPF", "KhoaBD.WPF\KhoaBD.WPF.csproj", "{298A63C2-EB95-429B-A26B-686FEB8F5A41}"
EndProject
Project("{9A19103F-16F7-4668-BE54-9A1E7A4F7556}") = "PRN221.Application", "PRN221.Application\PRN221.Application.csproj", "{EE311174-71F4-44F0-B080-9633321669AD}"
EndProject
Project("{9A19103F-16F7-4668-BE54-9A1E7A4F7556}") = "PRN221.Domain", "PRN221.Domain\PRN221.Domain.csproj", "{CAD5A4F9-18C6-4CC0-A30D-56EB38213076}"
EndProject
Project("{2150E333-8FDC-42A3-9474-1A3956D46DE8}") = "SolutionItem", "SolutionItem", "{A2F32EA0-EA15-4251-8C57-1DD41BE3E74C}"
	ProjectSection(SolutionItems) = preProject
		.gitignore = .gitignore
		global.json = global.json
		Note.txt = Note.txt
	EndProjectSection
EndProject
Global
	GlobalSection(SolutionConfigurationPlatforms) = preSolution
		Debug|Any CPU = Debug|Any CPU
		Release|Any CPU = Release|Any CPU
	EndGlobalSection
	GlobalSection(ProjectConfigurationPlatforms) = postSolution
		{298A63C2-EB95-429B-A26B-686FEB8F5A41}.Debug|Any CPU.ActiveCfg = Debug|Any CPU
		{298A63C2-EB95-429B-A26B-686FEB8F5A41}.Debug|Any CPU.Build.0 = Debug|Any CPU
		{298A63C2-EB95-429B-A26B-686FEB8F5A41}.Release|Any CPU.ActiveCfg = Release|Any CPU
		{298A63C2-EB95-429B-A26B-686FEB8F5A41}.Release|Any CPU.Build.0 = Release|Any CPU
		{EE311174-71F4-44F0-B080-9633321669AD}.Debug|Any CPU.ActiveCfg = Debug|Any CPU
		{EE311174-71F4-44F0-B080-9633321669AD}.Debug|Any CPU.Build.0 = Debug|Any CPU
		{EE311174-71F4-44F0-B080-9633321669AD}.Release|Any CPU.ActiveCfg = Release|Any CPU
		{EE311174-71F4-44F0-B080-9633321669AD}.Release|Any CPU.Build.0 = Release|Any CPU
		{CAD5A4F9-18C6-4CC0-A30D-56EB38213076}.Debug|Any CPU.ActiveCfg = Debug|Any CPU
		{CAD5A4F9-18C6-4CC0-A30D-56EB38213076}.Debug|Any CPU.Build.0 = Debug|Any CPU
		{CAD5A4F9-18C6-4CC0-A30D-56EB38213076}.Release|Any CPU.ActiveCfg = Release|Any CPU
		{CAD5A4F9-18C6-4CC0-A30D-56EB38213076}.Release|Any CPU.Build.0 = Release|Any CPU
	EndGlobalSection
	GlobalSection(SolutionProperties) = preSolution
		HideSolutionNode = FALSE
	EndGlobalSection
	GlobalSection(ExtensibilityGlobals) = postSolution
		SolutionGuid = {AEF1550B-D015-4ED2-BCD3-313DFC4DC791}
	EndGlobalSection
EndGlobal
